
Microsoft Visual Studio Solution File, Format Version 12.00
# Visual Studio Version 17
VisualStudioVersion = 17.0.31903.59
MinimumVisualStudioVersion = 10.0.40219.1
Project("{9A19103F-16F7-4668-BE54-9A1E7A4F7556}") = "Snowberry.IO.SingleFile", "Snowberry.IO.SingleFile\Snowberry.IO.SingleFile.csproj", "{C3351B46-84E5-40C5-9750-45A6C00D0C74}"
EndProject
Project("{FAE04EC0-301F-11D3-BF4B-00C04F79EFBC}") = "Snowberry.IO.SingleFile.CLI", "Snowberry.IO.SingleFile.CLI\Snowberry.IO.SingleFile.CLI.csproj", "{D29FBE01-E321-436B-8DE9-F1C0A5FD6739}"
EndProject
Global
	GlobalSection(SolutionConfigurationPlatforms) = preSolution
		Debug|Any CPU = Debug|Any CPU
		Release|Any CPU = Release|Any CPU
	EndGlobalSection
	GlobalSection(ProjectConfigurationPlatforms) = postSolution
		{C3351B46-84E5-40C5-9750-45A6C00D0C74}.Debug|Any CPU.ActiveCfg = Debug|Any CPU
		{C3351B46-84E5-40C5-9750-45A6C00D0C74}.Debug|Any CPU.Build.0 = Debug|Any CPU
		{C3351B46-84E5-40C5-9750-45A6C00D0C74}.Release|Any CPU.ActiveCfg = Release|Any CPU
		{C3351B46-84E5-40C5-9750-45A6C00D0C74}.Release|Any CPU.Build.0 = Release|Any CPU
		{D29FBE01-E321-436B-8DE9-F1C0A5FD6739}.Debug|Any CPU.ActiveCfg = Debug|Any CPU
		{D29FBE01-E321-436B-8DE9-F1C0A5FD6739}.Debug|Any CPU.Build.0 = Debug|Any CPU
		{D29FBE01-E321-436B-8DE9-F1C0A5FD6739}.Release|Any CPU.ActiveCfg = Release|Any CPU
		{D29FBE01-E321-436B-8DE9-F1C0A5FD6739}.Release|Any CPU.Build.0 = Release|Any CPU
	EndGlobalSection
	GlobalSection(SolutionProperties) = preSolution
		HideSolutionNode = FALSE
	EndGlobalSection
	GlobalSection(ExtensibilityGlobals) = postSolution
		SolutionGuid = {17C6C69D-3D01-4FF9-9C9B-0243DD0FD8D7}
	EndGlobalSection
EndGlobal
